
Microsoft Visual Studio Solution File, Format Version 12.00
# Visual Studio Version 17
VisualStudioVersion = 17.13.36105.23
MinimumVisualStudioVersion = 10.0.40219.1
Project("{FAE04EC0-301F-11D3-BF4B-00C04F79EFBC}") = "InsurancePolicy.Api", "InsurancePolicy.Api\InsurancePolicy.Api.csproj", "{A8FEE0A8-CA87-4F66-8208-A5A7DD776CD4}"
EndProject
Project("{FAE04EC0-301F-11D3-BF4B-00C04F79EFBC}") = "InsurancePolicy.Application", "InsurancePolicy.Application\InsurancePolicy.Application.csproj", "{80B960FE-400F-4B99-AE26-75CCB0348D31}"
EndProject
Project("{FAE04EC0-301F-11D3-BF4B-00C04F79EFBC}") = "InsurancePolicy.Domain", "InsurancePolicy.Domain\InsurancePolicy.Domain.csproj", "{18CCD8CE-B31B-4AB4-9734-78FF6BB5A649}"
EndProject
Project("{FAE04EC0-301F-11D3-BF4B-00C04F79EFBC}") = "InsurancePolicy.Repository", "InsurancePolicy.Repository\InsurancePolicy.Repository.csproj", "{28DD2523-C0CC-4903-9A10-24780D82EE8D}"
EndProject
Project("{FAE04EC0-301F-11D3-BF4B-00C04F79EFBC}") = "InsurancePolicy.CrossServiceRegister", "InsurancePolicy.CrossServiceRegister\InsurancePolicy.CrossServiceRegister.csproj", "{B411FB7D-F275-4566-9415-B5CC13DF7AEC}"
EndProject
Global
	GlobalSection(SolutionConfigurationPlatforms) = preSolution
		Debug|Any CPU = Debug|Any CPU
		Release|Any CPU = Release|Any CPU
	EndGlobalSection
	GlobalSection(ProjectConfigurationPlatforms) = postSolution
		{A8FEE0A8-CA87-4F66-8208-A5A7DD776CD4}.Debug|Any CPU.ActiveCfg = Debug|Any CPU
		{A8FEE0A8-CA87-4F66-8208-A5A7DD776CD4}.Debug|Any CPU.Build.0 = Debug|Any CPU
		{A8FEE0A8-CA87-4F66-8208-A5A7DD776CD4}.Release|Any CPU.ActiveCfg = Release|Any CPU
		{A8FEE0A8-CA87-4F66-8208-A5A7DD776CD4}.Release|Any CPU.Build.0 = Release|Any CPU
		{80B960FE-400F-4B99-AE26-75CCB0348D31}.Debug|Any CPU.ActiveCfg = Debug|Any CPU
		{80B960FE-400F-4B99-AE26-75CCB0348D31}.Debug|Any CPU.Build.0 = Debug|Any CPU
		{80B960FE-400F-4B99-AE26-75CCB0348D31}.Release|Any CPU.ActiveCfg = Release|Any CPU
		{80B960FE-400F-4B99-AE26-75CCB0348D31}.Release|Any CPU.Build.0 = Release|Any CPU
		{18CCD8CE-B31B-4AB4-9734-78FF6BB5A649}.Debug|Any CPU.ActiveCfg = Debug|Any CPU
		{18CCD8CE-B31B-4AB4-9734-78FF6BB5A649}.Debug|Any CPU.Build.0 = Debug|Any CPU
		{18CCD8CE-B31B-4AB4-9734-78FF6BB5A649}.Release|Any CPU.ActiveCfg = Release|Any CPU
		{18CCD8CE-B31B-4AB4-9734-78FF6BB5A649}.Release|Any CPU.Build.0 = Release|Any CPU
		{28DD2523-C0CC-4903-9A10-24780D82EE8D}.Debug|Any CPU.ActiveCfg = Debug|Any CPU
		{28DD2523-C0CC-4903-9A10-24780D82EE8D}.Debug|Any CPU.Build.0 = Debug|Any CPU
		{28DD2523-C0CC-4903-9A10-24780D82EE8D}.Release|Any CPU.ActiveCfg = Release|Any CPU
		{28DD2523-C0CC-4903-9A10-24780D82EE8D}.Release|Any CPU.Build.0 = Release|Any CPU
		{B411FB7D-F275-4566-9415-B5CC13DF7AEC}.Debug|Any CPU.ActiveCfg = Debug|Any CPU
		{B411FB7D-F275-4566-9415-B5CC13DF7AEC}.Debug|Any CPU.Build.0 = Debug|Any CPU
		{B411FB7D-F275-4566-9415-B5CC13DF7AEC}.Release|Any CPU.ActiveCfg = Release|Any CPU
		{B411FB7D-F275-4566-9415-B5CC13DF7AEC}.Release|Any CPU.Build.0 = Release|Any CPU
	EndGlobalSection
	GlobalSection(SolutionProperties) = preSolution
		HideSolutionNode = FALSE
	EndGlobalSection
	GlobalSection(ExtensibilityGlobals) = postSolution
		SolutionGuid = {1ADD9639-C4C7-4740-B3C0-DB2C40C00491}
	EndGlobalSection
EndGlobal
